
Microsoft Visual Studio Solution File, Format Version 12.00
# Visual Studio Version 17
VisualStudioVersion = 17.2.32526.322
MinimumVisualStudioVersion = 10.0.40219.1
Project("{FAE04EC0-301F-11D3-BF4B-00C04F79EFBC}") = "OrnekUygulma", "OrnekUygulma\OrnekUygulma.csproj", "{B3F38F43-4DC6-48BE-8213-3453B842D901}"
EndProject
Global
	GlobalSection(SolutionConfigurationPlatforms) = preSolution
		Debug|Any CPU = Debug|Any CPU
		Release|Any CPU = Release|Any CPU
	EndGlobalSection
	GlobalSection(ProjectConfigurationPlatforms) = postSolution
		{B3F38F43-4DC6-48BE-8213-3453B842D901}.Debug|Any CPU.ActiveCfg = Debug|Any CPU
		{B3F38F43-4DC6-48BE-8213-3453B842D901}.Debug|Any CPU.Build.0 = Debug|Any CPU
		{B3F38F43-4DC6-48BE-8213-3453B842D901}.Release|Any CPU.ActiveCfg = Release|Any CPU
		{B3F38F43-4DC6-48BE-8213-3453B842D901}.Release|Any CPU.Build.0 = Release|Any CPU
	EndGlobalSection
	GlobalSection(SolutionProperties) = preSolution
		HideSolutionNode = FALSE
	EndGlobalSection
	GlobalSection(ExtensibilityGlobals) = postSolution
		SolutionGuid = {E89CA5C8-A768-47C4-80A6-7D09DCADD076}
	EndGlobalSection
EndGlobal
